<?xml version="1.0" encoding="utf-8"?>
<Project ToolsVersion="4.0" xmlns="http://schemas.microsoft.com/developer/msbuild/2003">
  <ItemGroup>
    <ClCompile Include="..\SpriteRenderer.cpp" />
    <ClCompile Include="..\Background.cpp" />
    <ClCompile Include="..\Entity.cpp" />
    <ClCompile Include="..\EventHandler.cpp" />
    <ClCompile Include="..\Game.cpp" />
    <ClCompile Include="..\Hud.cpp" />
    <ClCompile Include="..\Level.cpp" />
    <ClCompile Include="..\Main.cpp" />
    <ClCompile Include="..\Tile.cpp" />
    <ClCompile Include="..\Knight.cpp" />
    <ClCompile Include="..\Field.cpp" />
    <ClCompile Include="..\..\..\Heroes%27y\sfml\Sorcerer.cpp" />
    <ClCompile Include="..\..\..\Heroes%27y\sfml\Unit.cpp" />
    <ClCompile Include="..\..\..\Heroes%27y\sfml\Player.cpp" />
  </ItemGroup>
  <ItemGroup>
    <ClInclude Include="..\Background.h" />
    <ClInclude Include="..\Entity.h" />
    <ClInclude Include="..\EventHandler.h" />
    <ClInclude Include="..\Game.h" />
    <ClInclude Include="..\Hud.h" />
    <ClInclude Include="..\Level.h" />
    <ClInclude Include="..\SpriteRenderer.h" />
    <ClInclude Include="..\Tile.h" />
    <ClInclude Include="..\Knight.h" />
    <ClInclude Include="..\Field.h" />
    <ClInclude Include="..\..\..\Heroes%27y\sfml\Sorcerer.h" />
    <ClInclude Include="..\..\..\Heroes%27y\sfml\Unit.h" />
    <ClInclude Include="..\..\..\Heroes%27y\sfml\Player.h" />
  </ItemGroup>
</Project>